// !$*UTF8*$!
{
	archiveVersion = 1;
	classes = {
	};
	objectVersion = 56;
	objects = {

/* Begin PBXBuildFile section */
		AC30350B29BFF0AB0025629A /* AudioPlayer.swift in Sources */ = {isa = PBXBuildFile; fileRef = AC30350A29BFF0AB0025629A /* AudioPlayer.swift */; };
		ACDD873929BBCE9600DC07DF /* RestartApp.swift in Sources */ = {isa = PBXBuildFile; fileRef = ACDD873829BBCE9600DC07DF /* RestartApp.swift */; };
		ACDD873B29BBCE9600DC07DF /* ContentView.swift in Sources */ = {isa = PBXBuildFile; fileRef = ACDD873A29BBCE9600DC07DF /* ContentView.swift */; };
		ACDD873D29BBCE9700DC07DF /* Assets.xcassets in Resources */ = {isa = PBXBuildFile; fileRef = ACDD873C29BBCE9700DC07DF /* Assets.xcassets */; };
		ACDD874029BBCE9700DC07DF /* Preview Assets.xcassets in Resources */ = {isa = PBXBuildFile; fileRef = ACDD873F29BBCE9700DC07DF /* Preview Assets.xcassets */; };
		ACDD874829BBCF7C00DC07DF /* chimeup.mp3 in Resources */ = {isa = PBXBuildFile; fileRef = ACDD874629BBCF7C00DC07DF /* chimeup.mp3 */; };
		ACDD874929BBCF7C00DC07DF /* success.m4a in Resources */ = {isa = PBXBuildFile; fileRef = ACDD874729BBCF7C00DC07DF /* success.m4a */; };
		ACDD875029BF8F0500DC07DF /* OnboardingView.swift in Sources */ = {isa = PBXBuildFile; fileRef = ACDD874F29BF8F0500DC07DF /* OnboardingView.swift */; };
		ACDD875229BF8F1300DC07DF /* HomeView.swift in Sources */ = {isa = PBXBuildFile; fileRef = ACDD875129BF8F1300DC07DF /* HomeView.swift */; };
		ACDD875429BFAA0300DC07DF /* CircleGroupView.swift in Sources */ = {isa = PBXBuildFile; fileRef = ACDD875329BFAA0300DC07DF /* CircleGroupView.swift */; };
/* End PBXBuildFile section */

/* Begin PBXFileReference section */
		AC30350A29BFF0AB0025629A /* AudioPlayer.swift */ = {isa = PBXFileReference; lastKnownFileType = sourcecode.swift; path = AudioPlayer.swift; sourceTree = "<group>"; };
		ACDD873529BBCE9600DC07DF /* Restart.app */ = {isa = PBXFileReference; explicitFileType = wrapper.application; includeInIndex = 0; path = Restart.app; sourceTree = BUILT_PRODUCTS_DIR; };
		ACDD873829BBCE9600DC07DF /* RestartApp.swift */ = {isa = PBXFileReference; lastKnownFileType = sourcecode.swift; path = RestartApp.swift; sourceTree = "<group>"; };
		ACDD873A29BBCE9600DC07DF /* ContentView.swift */ = {isa = PBXFileReference; lastKnownFileType = sourcecode.swift; path = ContentView.swift; sourceTree = "<group>"; };
		ACDD873C29BBCE9700DC07DF /* Assets.xcassets */ = {isa = PBXFileReference; lastKnownFileType = folder.assetcatalog; path = Assets.xcassets; sourceTree = "<group>"; };
		ACDD873F29BBCE9700DC07DF /* Preview Assets.xcassets */ = {isa = PBXFileReference; lastKnownFileType = folder.assetcatalog; path = "Preview Assets.xcassets"; sourceTree = "<group>"; };
		ACDD874629BBCF7C00DC07DF /* chimeup.mp3 */ = {isa = PBXFileReference; lastKnownFileType = audio.mp3; path = chimeup.mp3; sourceTree = "<group>"; };
		ACDD874729BBCF7C00DC07DF /* success.m4a */ = {isa = PBXFileReference; lastKnownFileType = file; path = success.m4a; sourceTree = "<group>"; };
		ACDD874E29BF8E9400DC07DF /* Info.plist */ = {isa = PBXFileReference; lastKnownFileType = text.plist; path = Info.plist; sourceTree = "<group>"; };
		ACDD874F29BF8F0500DC07DF /* OnboardingView.swift */ = {isa = PBXFileReference; lastKnownFileType = sourcecode.swift; path = OnboardingView.swift; sourceTree = "<group>"; };
		ACDD875129BF8F1300DC07DF /* HomeView.swift */ = {isa = PBXFileReference; lastKnownFileType = sourcecode.swift; path = HomeView.swift; sourceTree = "<group>"; };
		ACDD875329BFAA0300DC07DF /* CircleGroupView.swift */ = {isa = PBXFileReference; lastKnownFileType = sourcecode.swift; path = CircleGroupView.swift; sourceTree = "<group>"; };
/* End PBXFileReference section */

/* Begin PBXFrameworksBuildPhase section */
		ACDD873229BBCE9600DC07DF /* Frameworks */ = {
			isa = PBXFrameworksBuildPhase;
			buildActionMask = 2147483647;
			files = (
			);
			runOnlyForDeploymentPostprocessing = 0;
		};
/* End PBXFrameworksBuildPhase section */

/* Begin PBXGroup section */
		ACDD872C29BBCE9600DC07DF = {
			isa = PBXGroup;
			children = (
				ACDD873729BBCE9600DC07DF /* Restart */,
				ACDD873629BBCE9600DC07DF /* Products */,
			);
			sourceTree = "<group>";
		};
		ACDD873629BBCE9600DC07DF /* Products */ = {
			isa = PBXGroup;
			children = (
				ACDD873529BBCE9600DC07DF /* Restart.app */,
			);
			name = Products;
			sourceTree = "<group>";
		};
		ACDD873729BBCE9600DC07DF /* Restart */ = {
			isa = PBXGroup;
			children = (
				ACDD874E29BF8E9400DC07DF /* Info.plist */,
				ACDD873E29BBCE9700DC07DF /* Preview Content */,
				ACDD874B29BBD09000DC07DF /* Screens */,
				ACDD874A29BBCF8900DC07DF /* Sounds */,
				ACDD873829BBCE9600DC07DF /* RestartApp.swift */,
				ACDD873C29BBCE9700DC07DF /* Assets.xcassets */,
				ACDD874D29BBD0E300DC07DF /* Utilities */,
				ACDD874C29BBD0CA00DC07DF /* Views */,
			);
			path = Restart;
			sourceTree = "<group>";
		};
		ACDD873E29BBCE9700DC07DF /* Preview Content */ = {
			isa = PBXGroup;
			children = (
				ACDD873F29BBCE9700DC07DF /* Preview Assets.xcassets */,
			);
			path = "Preview Content";
			sourceTree = "<group>";
		};
		ACDD874A29BBCF8900DC07DF /* Sounds */ = {
			isa = PBXGroup;
			children = (
				ACDD874629BBCF7C00DC07DF /* chimeup.mp3 */,
				ACDD874729BBCF7C00DC07DF /* success.m4a */,
			);
			path = Sounds;
			sourceTree = "<group>";
		};
		ACDD874B29BBD09000DC07DF /* Screens */ = {
			isa = PBXGroup;
			children = (
				ACDD873A29BBCE9600DC07DF /* ContentView.swift */,
				ACDD874F29BF8F0500DC07DF /* OnboardingView.swift */,
				ACDD875129BF8F1300DC07DF /* HomeView.swift */,
			);
			path = Screens;
			sourceTree = "<group>";
		};
		ACDD874C29BBD0CA00DC07DF /* Views */ = {
			isa = PBXGroup;
			children = (
				ACDD875329BFAA0300DC07DF /* CircleGroupView.swift */,
			);
			path = Views;
			sourceTree = "<group>";
		};
		ACDD874D29BBD0E300DC07DF /* Utilities */ = {
			isa = PBXGroup;
			children = (
				AC30350A29BFF0AB0025629A /* AudioPlayer.swift */,
			);
			path = Utilities;
			sourceTree = "<group>";
		};
/* End PBXGroup section */

/* Begin PBXNativeTarget section */
		ACDD873429BBCE9600DC07DF /* Restart */ = {
			isa = PBXNativeTarget;
			buildConfigurationList = ACDD874329BBCE9700DC07DF /* Build configuration list for PBXNativeTarget "Restart" */;
			buildPhases = (
				ACDD873129BBCE9600DC07DF /* Sources */,
				ACDD873229BBCE9600DC07DF /* Frameworks */,
				ACDD873329BBCE9600DC07DF /* Resources */,
			);
			buildRules = (
			);
			dependencies = (
			);
			name = Restart;
			productName = Restart;
			productReference = ACDD873529BBCE9600DC07DF /* Restart.app */;
			productType = "com.apple.product-type.application";
		};
/* End PBXNativeTarget section */

/* Begin PBXProject section */
		ACDD872D29BBCE9600DC07DF /* Project object */ = {
			isa = PBXProject;
			attributes = {
				BuildIndependentTargetsInParallel = 1;
				LastSwiftUpdateCheck = 1420;
				LastUpgradeCheck = 1420;
				TargetAttributes = {
					ACDD873429BBCE9600DC07DF = {
						CreatedOnToolsVersion = 14.2;
					};
				};
			};
			buildConfigurationList = ACDD873029BBCE9600DC07DF /* Build configuration list for PBXProject "Restart" */;
			compatibilityVersion = "Xcode 14.0";
			developmentRegion = en;
			hasScannedForEncodings = 0;
			knownRegions = (
				en,
				Base,
			);
			mainGroup = ACDD872C29BBCE9600DC07DF;
			productRefGroup = ACDD873629BBCE9600DC07DF /* Products */;
			projectDirPath = "";
			projectRoot = "";
			targets = (
				ACDD873429BBCE9600DC07DF /* Restart */,
			);
		};
/* End PBXProject section */

/* Begin PBXResourcesBuildPhase section */
		ACDD873329BBCE9600DC07DF /* Resources */ = {
			isa = PBXResourcesBuildPhase;
			buildActionMask = 2147483647;
			files = (
				ACDD874929BBCF7C00DC07DF /* success.m4a in Resources */,
				ACDD874829BBCF7C00DC07DF /* chimeup.mp3 in Resources */,
				ACDD874029BBCE9700DC07DF /* Preview Assets.xcassets in Resources */,
				ACDD873D29BBCE9700DC07DF /* Assets.xcassets in Resources */,
			);
			runOnlyForDeploymentPostprocessing = 0;
		};
/* End PBXResourcesBuildPhase section */

/* Begin PBXSourcesBuildPhase section */
		ACDD873129BBCE9600DC07DF /* Sources */ = {
			isa = PBXSourcesBuildPhase;
			buildActionMask = 2147483647;
			files = (
				ACDD875429BFAA0300DC07DF /* CircleGroupView.swift in Sources */,
				ACDD875029BF8F0500DC07DF /* OnboardingView.swift in Sources */,
				ACDD875229BF8F1300DC07DF /* HomeView.swift in Sources */,
				ACDD873B29BBCE9600DC07DF /* ContentView.swift in Sources */,
				ACDD873929BBCE9600DC07DF /* RestartApp.swift in Sources */,
				AC30350B29BFF0AB0025629A /* AudioPlayer.swift in Sources */,
			);
			runOnlyForDeploymentPostprocessing = 0;
		};
/* End PBXSourcesBuildPhase section */

/* Begin XCBuildConfiguration section */
		ACDD874129BBCE9700DC07DF /* Debug */ = {
			isa = XCBuildConfiguration;
			buildSettings = {
				ALWAYS_SEARCH_USER_PATHS = NO;
				CLANG_ANALYZER_NONNULL = YES;
				CLANG_ANALYZER_NUMBER_OBJECT_CONVERSION = YES_AGGRESSIVE;
				CLANG_CXX_LANGUAGE_STANDARD = "gnu++20";
				CLANG_ENABLE_MODULES = YES;
				CLANG_ENABLE_OBJC_ARC = YES;
				CLANG_ENABLE_OBJC_WEAK = YES;
				CLANG_WARN_BLOCK_CAPTURE_AUTORELEASING = YES;
				CLANG_WARN_BOOL_CONVERSION = YES;
				CLANG_WARN_COMMA = YES;
				CLANG_WARN_CONSTANT_CONVERSION = YES;
				CLANG_WARN_DEPRECATED_OBJC_IMPLEMENTATIONS = YES;
				CLANG_WARN_DIRECT_OBJC_ISA_USAGE = YES_ERROR;
				CLANG_WARN_DOCUMENTATION_COMMENTS = YES;
				CLANG_WARN_EMPTY_BODY = YES;
				CLANG_WARN_ENUM_CONVERSION = YES;
				CLANG_WARN_INFINITE_RECURSION = YES;
				CLANG_WARN_INT_CONVERSION = YES;
				CLANG_WARN_NON_LITERAL_NULL_CONVERSION = YES;
				CLANG_WARN_OBJC_IMPLICIT_RETAIN_SELF = YES;
				CLANG_WARN_OBJC_LITERAL_CONVERSION = YES;
				CLANG_WARN_OBJC_ROOT_CLASS = YES_ERROR;
				CLANG_WARN_QUOTED_INCLUDE_IN_FRAMEWORK_HEADER = YES;
				CLANG_WARN_RANGE_LOOP_ANALYSIS = YES;
				CLANG_WARN_STRICT_PROTOTYPES = YES;
				CLANG_WARN_SUSPICIOUS_MOVE = YES;
				CLANG_WARN_UNGUARDED_AVAILABILITY = YES_AGGRESSIVE;
				CLANG_WARN_UNREACHABLE_CODE = YES;
				CLANG_WARN__DUPLICATE_METHOD_MATCH = YES;
				COPY_PHASE_STRIP = NO;
				DEBUG_INFORMATION_FORMAT = dwarf;
				ENABLE_STRICT_OBJC_MSGSEND = YES;
				ENABLE_TESTABILITY = YES;
				GCC_C_LANGUAGE_STANDARD = gnu11;
				GCC_DYNAMIC_NO_PIC = NO;
				GCC_NO_COMMON_BLOCKS = YES;
				GCC_OPTIMIZATION_LEVEL = 0;
				GCC_PREPROCESSOR_DEFINITIONS = (
					"DEBUG=1",
					"$(inherited)",
				);
				GCC_WARN_64_TO_32_BIT_CONVERSION = YES;
				GCC_WARN_ABOUT_RETURN_TYPE = YES_ERROR;
				GCC_WARN_UNDECLARED_SELECTOR = YES;
				GCC_WARN_UNINITIALIZED_AUTOS = YES_AGGRESSIVE;
				GCC_WARN_UNUSED_FUNCTION = YES;
				GCC_WARN_UNUSED_VARIABLE = YES;
				IPHONEOS_DEPLOYMENT_TARGET = 16.2;
				MTL_ENABLE_DEBUG_INFO = INCLUDE_SOURCE;
				MTL_FAST_MATH = YES;
				ONLY_ACTIVE_ARCH = YES;
				SDKROOT = iphoneos;
				SWIFT_ACTIVE_COMPILATION_CONDITIONS = DEBUG;
				SWIFT_OPTIMIZATION_LEVEL = "-Onone";
			};
			name = Debug;
		};
		ACDD874229BBCE9700DC07DF /* Release */ = {
			isa = XCBuildConfiguration;
			buildSettings = {
				ALWAYS_SEARCH_USER_PATHS = NO;
				CLANG_ANALYZER_NONNULL = YES;
				CLANG_ANALYZER_NUMBER_OBJECT_CONVERSION = YES_AGGRESSIVE;
				CLANG_CXX_LANGUAGE_STANDARD = "gnu++20";
				CLANG_ENABLE_MODULES = YES;
				CLANG_ENABLE_OBJC_ARC = YES;
				CLANG_ENABLE_OBJC_WEAK = YES;
				CLANG_WARN_BLOCK_CAPTURE_AUTORELEASING = YES;
				CLANG_WARN_BOOL_CONVERSION = YES;
				CLANG_WARN_COMMA = YES;
				CLANG_WARN_CONSTANT_CONVERSION = YES;
				CLANG_WARN_DEPRECATED_OBJC_IMPLEMENTATIONS = YES;
				CLANG_WARN_DIRECT_OBJC_ISA_USAGE = YES_ERROR;
				CLANG_WARN_DOCUMENTATION_COMMENTS = YES;
				CLANG_WARN_EMPTY_BODY = YES;
				CLANG_WARN_ENUM_CONVERSION = YES;
				CLANG_WARN_INFINITE_RECURSION = YES;
				CLANG_WARN_INT_CONVERSION = YES;
				CLANG_WARN_NON_LITERAL_NULL_CONVERSION = YES;
				CLANG_WARN_OBJC_IMPLICIT_RETAIN_SELF = YES;
				CLANG_WARN_OBJC_LITERAL_CONVERSION = YES;
				CLANG_WARN_OBJC_ROOT_CLASS = YES_ERROR;
				CLANG_WARN_QUOTED_INCLUDE_IN_FRAMEWORK_HEADER = YES;
				CLANG_WARN_RANGE_LOOP_ANALYSIS = YES;
				CLANG_WARN_STRICT_PROTOTYPES = YES;
				CLANG_WARN_SUSPICIOUS_MOVE = YES;
				CLANG_WARN_UNGUARDED_AVAILABILITY = YES_AGGRESSIVE;
				CLANG_WARN_UNREACHABLE_CODE = YES;
				CLANG_WARN__DUPLICATE_METHOD_MATCH = YES;
				COPY_PHASE_STRIP = NO;
				DEBUG_INFORMATION_FORMAT = "dwarf-with-dsym";
				ENABLE_NS_ASSERTIONS = NO;
				ENABLE_STRICT_OBJC_MSGSEND = YES;
				GCC_C_LANGUAGE_STANDARD = gnu11;
				GCC_NO_COMMON_BLOCKS = YES;
				GCC_WARN_64_TO_32_BIT_CONVERSION = YES;
				GCC_WARN_ABOUT_RETURN_TYPE = YES_ERROR;
				GCC_WARN_UNDECLARED_SELECTOR = YES;
				GCC_WARN_UNINITIALIZED_AUTOS = YES_AGGRESSIVE;
				GCC_WARN_UNUSED_FUNCTION = YES;
				GCC_WARN_UNUSED_VARIABLE = YES;
				IPHONEOS_DEPLOYMENT_TARGET = 16.2;
				MTL_ENABLE_DEBUG_INFO = NO;
				MTL_FAST_MATH = YES;
				SDKROOT = iphoneos;
				SWIFT_COMPILATION_MODE = wholemodule;
				SWIFT_OPTIMIZATION_LEVEL = "-O";
				VALIDATE_PRODUCT = YES;
			};
			name = Release;
		};
		ACDD874429BBCE9700DC07DF /* Debug */ = {
			isa = XCBuildConfiguration;
			buildSettings = {
				ASSETCATALOG_COMPILER_APPICON_NAME = AppIcon;
				ASSETCATALOG_COMPILER_GLOBAL_ACCENT_COLOR_NAME = AccentColor;
				CODE_SIGN_STYLE = Automatic;
				CURRENT_PROJECT_VERSION = 1;
				DEVELOPMENT_ASSET_PATHS = "\"Restart/Preview Content\"";
				DEVELOPMENT_TEAM = 9N27YBGSVD;
				ENABLE_PREVIEWS = YES;
				GENERATE_INFOPLIST_FILE = YES;
				INFOPLIST_FILE = Restart/Info.plist;
				INFOPLIST_KEY_UIApplicationSceneManifest_Generation = YES;
				INFOPLIST_KEY_UIApplicationSupportsIndirectInputEvents = YES;
				INFOPLIST_KEY_UISupportedInterfaceOrientations = UIInterfaceOrientationPortrait;
				IPHONEOS_DEPLOYMENT_TARGET = 15.0;
				LD_RUNPATH_SEARCH_PATHS = (
					"$(inherited)",
					"@executable_path/Frameworks",
				);
				MARKETING_VERSION = 1.0;
				PRODUCT_BUNDLE_IDENTIFIER = com.jonathanschaffer.Restart;
				PRODUCT_NAME = "$(TARGET_NAME)";
				SWIFT_EMIT_LOC_STRINGS = YES;
				SWIFT_VERSION = 5.0;
				TARGETED_DEVICE_FAMILY = "1,2";
			};
			name = Debug;
		};
		ACDD874529BBCE9700DC07DF /* Release */ = {
			isa = XCBuildConfiguration;
			buildSettings = {
				ASSETCATALOG_COMPILER_APPICON_NAME = AppIcon;
				ASSETCATALOG_COMPILER_GLOBAL_ACCENT_COLOR_NAME = AccentColor;
				CODE_SIGN_STYLE = Automatic;
				CURRENT_PROJECT_VERSION = 1;
				DEVELOPMENT_ASSET_PATHS = "\"Restart/Preview Content\"";
				DEVELOPMENT_TEAM = 9N27YBGSVD;
				ENABLE_PREVIEWS = YES;
				GENERATE_INFOPLIST_FILE = YES;
				INFOPLIST_FILE = Restart/Info.plist;
				INFOPLIST_KEY_UIApplicationSceneManifest_Generation = YES;
				INFOPLIST_KEY_UIApplicationSupportsIndirectInputEvents = YES;
				INFOPLIST_KEY_UISupportedInterfaceOrientations = UIInterfaceOrientationPortrait;
				IPHONEOS_DEPLOYMENT_TARGET = 15.0;
				LD_RUNPATH_SEARCH_PATHS = (
					"$(inherited)",
					"@executable_path/Frameworks",
				);
				MARKETING_VERSION = 1.0;
				PRODUCT_BUNDLE_IDENTIFIER = com.jonathanschaffer.Restart;
				PRODUCT_NAME = "$(TARGET_NAME)";
				SWIFT_EMIT_LOC_STRINGS = YES;
				SWIFT_VERSION = 5.0;
				TARGETED_DEVICE_FAMILY = "1,2";
			};
			name = Release;
		};
/* End XCBuildConfiguration section */

/* Begin XCConfigurationList section */
		ACDD873029BBCE9600DC07DF /* Build configuration list for PBXProject "Restart" */ = {
			isa = XCConfigurationList;
			buildConfigurations = (
				ACDD874129BBCE9700DC07DF /* Debug */,
				ACDD874229BBCE9700DC07DF /* Release */,
			);
			defaultConfigurationIsVisible = 0;
			defaultConfigurationName = Release;
		};
		ACDD874329BBCE9700DC07DF /* Build configuration list for PBXNativeTarget "Restart" */ = {
			isa = XCConfigurationList;
			buildConfigurations = (
				ACDD874429BBCE9700DC07DF /* Debug */,
				ACDD874529BBCE9700DC07DF /* Release */,
			);
			defaultConfigurationIsVisible = 0;
			defaultConfigurationName = Release;
		};
/* End XCConfigurationList section */
	};
	rootObject = ACDD872D29BBCE9600DC07DF /* Project object */;
}
